
Microsoft Visual Studio Solution File, Format Version 12.00
Project("{FAE04EC0-301F-11D3-BF4B-00C04F79EFBC}") = "APBD_12", "APBD_12\APBD_12.csproj", "{F597EAA9-EE72-4558-B081-68A12889A127}"
EndProject
Global
	GlobalSection(SolutionConfigurationPlatforms) = preSolution
		Debug|Any CPU = Debug|Any CPU
		Release|Any CPU = Release|Any CPU
	EndGlobalSection
	GlobalSection(ProjectConfigurationPlatforms) = postSolution
		{F597EAA9-EE72-4558-B081-68A12889A127}.Debug|Any CPU.ActiveCfg = Debug|Any CPU
		{F597EAA9-EE72-4558-B081-68A12889A127}.Debug|Any CPU.Build.0 = Debug|Any CPU
		{F597EAA9-EE72-4558-B081-68A12889A127}.Release|Any CPU.ActiveCfg = Release|Any CPU
		{F597EAA9-EE72-4558-B081-68A12889A127}.Release|Any CPU.Build.0 = Release|Any CPU
	EndGlobalSection
EndGlobal
